
Microsoft Visual Studio Solution File, Format Version 12.00
# Visual Studio Version 16
VisualStudioVersion = 16.0.30114.105
MinimumVisualStudioVersion = 10.0.40219.1
Project("{9A19103F-16F7-4668-BE54-9A1E7A4F7556}") = "Learning.DesignPatterns.Infrastructure", "Learning.DesignPatterns.Infrastructure.csproj", "{8AEF6449-C1A9-4EEF-AD7B-DA39F6F8715C}"
EndProject
Project("{2150E333-8FDC-42A3-9474-1A3956D46DE8}") = "Solution Items", "Solution Items", "{26A41B46-C41F-4C35-B38F-BBAFB34B2C5B}"
	ProjectSection(SolutionItems) = preProject
		.editorconfig = .editorconfig
	EndProjectSection
EndProject
Global
	GlobalSection(SolutionConfigurationPlatforms) = preSolution
		Debug|Any CPU = Debug|Any CPU
		Release|Any CPU = Release|Any CPU
	EndGlobalSection
	GlobalSection(ProjectConfigurationPlatforms) = postSolution
		{8AEF6449-C1A9-4EEF-AD7B-DA39F6F8715C}.Debug|Any CPU.ActiveCfg = Debug|Any CPU
		{8AEF6449-C1A9-4EEF-AD7B-DA39F6F8715C}.Debug|Any CPU.Build.0 = Debug|Any CPU
		{8AEF6449-C1A9-4EEF-AD7B-DA39F6F8715C}.Release|Any CPU.ActiveCfg = Release|Any CPU
		{8AEF6449-C1A9-4EEF-AD7B-DA39F6F8715C}.Release|Any CPU.Build.0 = Release|Any CPU
	EndGlobalSection
	GlobalSection(SolutionProperties) = preSolution
		HideSolutionNode = FALSE
	EndGlobalSection
	GlobalSection(ExtensibilityGlobals) = postSolution
		SolutionGuid = {2C32DEAA-23EC-480E-812E-D269C2E8BBE3}
	EndGlobalSection
EndGlobal
